# THIS IS AN AUTOGENERATED FILE. DO NOT EDIT THIS FILE DIRECTLY.
# yarn lockfile v1


"@welldone-software/why-did-you-render@^4.2.5":
  version "4.2.5"
  resolved "https://registry.yarnpkg.com/@welldone-software/why-did-you-render/-/why-did-you-render-4.2.5.tgz#005d06958d0c8a1ab3b92a3f4cfe3507b1806976"
  integrity sha512-Uq4Gmi14bHDfWPGu1EuZKkdxlihXIyyfhAoP0nkA3qHTu8yit0iL1KO6Ldyno55otnjL3GHUY/MswMVvB5Ro8g==
  dependencies:
    lodash "^4"

lodash@^4:
  version "4.17.21"
  resolved "https://registry.yarnpkg.com/lodash/-/lodash-4.17.21.tgz#679591c564c3bffaae8454cf0b3df370c3d6911c"
  integrity sha512-v2kDEe57lecTulaDIuNTPy3Ry4gLGJ6Z1O3vE1krgXZNrsQ+LFTGHVxVjcXPs17LhbZVGedAJv8XZ1tvj5FvSg==
